
Microsoft Visual Studio Solution File, Format Version 12.00
# Visual Studio 15
VisualStudioVersion = 15.0.27004.2008
MinimumVisualStudioVersion = 10.0.40219.1
Project("{FAE04EC0-301F-11D3-BF4B-00C04F79EFBC}") = "Sample", "Sample\Sample.csproj", "{3536820F-2112-4278-8CFF-95884AFABABF}"
EndProject
Global
	GlobalSection(SolutionConfigurationPlatforms) = preSolution
		Debug|Any CPU = Debug|Any CPU
		Release|Any CPU = Release|Any CPU
	EndGlobalSection
	GlobalSection(ProjectConfigurationPlatforms) = postSolution
		{3536820F-2112-4278-8CFF-95884AFABABF}.Debug|Any CPU.ActiveCfg = Debug|Any CPU
		{3536820F-2112-4278-8CFF-95884AFABABF}.Debug|Any CPU.Build.0 = Debug|Any CPU
		{3536820F-2112-4278-8CFF-95884AFABABF}.Release|Any CPU.ActiveCfg = Release|Any CPU
		{3536820F-2112-4278-8CFF-95884AFABABF}.Release|Any CPU.Build.0 = Release|Any CPU
	EndGlobalSection
	GlobalSection(SolutionProperties) = preSolution
		HideSolutionNode = FALSE
	EndGlobalSection
	GlobalSection(ExtensibilityGlobals) = postSolution
		SolutionGuid = {0260B865-3CFA-4F12-B9AD-0270E0164B58}
	EndGlobalSection
EndGlobal
